{
  "name": "@polytope-labs/solidity-merkle-trees",
  "version": "0.6.2",
  "lockfileVersion": 3,
  "requires": true,
  "packages": {
    "": {
      "name": "@polytope-labs/solidity-merkle-trees",
      "version": "0.6.2",
      "license": "Apache-2.0",
      "dependencies": {
        "prettier": "^3.3.3",
        "prettier-plugin-solidity": "^1.4.1"
      },
      "devDependencies": {
        "forge-std": "github:foundry-rs/forge-std#v1.9.7"
      }
    },
    "node_modules/.pnpm/prettier@3.7.4/node_modules/prettier": {
      "version": "3.7.4",
      "license": "MIT",
      "bin": {
        "prettier": "bin/prettier.cjs"
      },
      "engines": {
        "node": ">=14"
      },
      "funding": {
        "url": "https://github.com/prettier/prettier?sponsor=1"
      }
    },
    "node_modules/@solidity-parser/parser": {
      "version": "0.20.2",
      "license": "MIT"
    },
    "node_modules/forge-std": {
      "version": "1.9.7",
      "resolved": "git+ssh://git@github.com/foundry-rs/forge-std.git#77041d2ce690e692d6e03cc812b57d1ddaa4d505",
      "dev": true,
      "license": "(Apache-2.0 OR MIT)"
    },
    "node_modules/prettier": {
      "resolved": "node_modules/.pnpm/prettier@3.7.4/node_modules/prettier",
      "link": true
    },
    "node_modules/prettier-plugin-solidity": {
      "version": "1.4.3",
      "resolved": "https://registry.npmjs.org/prettier-plugin-solidity/-/prettier-plugin-solidity-1.4.3.tgz",
      "integrity": "sha512-Mrr/iiR9f9IaeGRMZY2ApumXcn/C5Gs3S7B7hWB3gigBFML06C0yEyW86oLp0eqiA0qg+46FaChgLPJCj/pIlg==",
      "license": "MIT",
      "dependencies": {
        "@solidity-parser/parser": "^0.20.1",
        "semver": "^7.7.1"
      },
      "engines": {
        "node": ">=18"
      },
      "peerDependencies": {
        "prettier": ">=2.3.0"
      }
    },
    "node_modules/semver": {
      "version": "7.7.4",
      "resolved": "https://registry.npmjs.org/semver/-/semver-7.7.4.tgz",
      "integrity": "sha512-vFKC2IEtQnVhpT78h1Yp8wzwrf8CM+MzKMHGJZfBtzhZNycRFnXsHk6E5TxIkkMsgNS7mdX3AGB7x2QM2di4lA==",
      "license": "ISC",
      "bin": {
        "semver": "bin/semver.js"
      },
      "engines": {
        "node": ">=10"
      }
    }
  }
}
