lockfileVersion: '9.0'

settings:
  autoInstallPeers: true
  excludeLinksFromLockfile: false

importers:

  .:
    dependencies:
      '@openzeppelin/contracts':
        specifier: ^5.4.0
        version: 5.4.0
      openzeppelin-solidity:
        specifier: ^4.8.1
        version: 4.8.1
      prettier:
        specifier: ^3.3.3
        version: 3.7.4
      prettier-plugin-solidity:
        specifier: ^1.4.1
        version: 1.4.3(prettier@3.7.4)

packages:

  '@openzeppelin/contracts@5.4.0':
    resolution: {integrity: sha512-eCYgWnLg6WO+X52I16TZt8uEjbtdkgLC0SUX/xnAksjjrQI4Xfn4iBRoI5j55dmlOhDv1Y7BoR3cU7e3WWhC6A==}

  '@solidity-parser/parser@0.20.2':
    resolution: {integrity: sha512-rbu0bzwNvMcwAjH86hiEAcOeRI2EeK8zCkHDrFykh/Al8mvJeFmjy3UrE7GYQjNwOgbGUUtCn5/k8CB8zIu7QA==}

  openzeppelin-solidity@4.8.1:
    resolution: {integrity: sha512-KM0pVpfrCBdifqN2ZeJZFvFuoGz3GmI4Ty/ceKNkcaf7VVWo/rLOfc5EiLh+Ukb5NadNmYo8WMeGhFA8hVWDpg==}
    hasBin: true

  prettier-plugin-solidity@1.4.3:
    resolution: {integrity: sha512-Mrr/iiR9f9IaeGRMZY2ApumXcn/C5Gs3S7B7hWB3gigBFML06C0yEyW86oLp0eqiA0qg+46FaChgLPJCj/pIlg==}
    engines: {node: '>=18'}
    peerDependencies:
      prettier: '>=2.3.0'

  prettier@3.7.4:
    resolution: {integrity: sha512-v6UNi1+3hSlVvv8fSaoUbggEM5VErKmmpGA7Pl3HF8V6uKY7rvClBOJlH6yNwQtfTueNkGVpOv/mtWL9L4bgRA==}
    engines: {node: '>=14'}
    hasBin: true

  semver@7.7.3:
    resolution: {integrity: sha512-SdsKMrI9TdgjdweUSR9MweHA4EJ8YxHn8DFaDisvhVlUOe4BF1tLD7GAj0lIqWVl+dPb/rExr0Btby5loQm20Q==}
    engines: {node: '>=10'}
    hasBin: true

snapshots:

  '@openzeppelin/contracts@5.4.0': {}

  '@solidity-parser/parser@0.20.2': {}

  openzeppelin-solidity@4.8.1: {}

  prettier-plugin-solidity@1.4.3(prettier@3.7.4):
    dependencies:
      '@solidity-parser/parser': 0.20.2
      prettier: 3.7.4
      semver: 7.7.3

  prettier@3.7.4: {}

  semver@7.7.3: {}
