# THIS IS AN AUTOGENERATED FILE. DO NOT EDIT THIS FILE DIRECTLY.
# yarn lockfile v1


openzeppelin-solidity@^4.8.1:
  version "4.8.1"
  resolved "https://registry.yarnpkg.com/openzeppelin-solidity/-/openzeppelin-solidity-4.8.1.tgz#2ab492a5a53a5520401e94df36e43807de7a3b50"
  integrity sha512-KM0pVpfrCBdifqN2ZeJZFvFuoGz3GmI4Ty/ceKNkcaf7VVWo/rLOfc5EiLh+Ukb5NadNmYo8WMeGhFA8hVWDpg==
